// !$*UTF8*$!
{
	archiveVersion = 1;
	classes = {
	};
	objectVersion = 50;
	objects = {

/* Begin PBXBuildFile section */
		1824C8BB257EAC13008B7544 /* ValidPalintromeTests.swift in Sources */ = {isa = PBXBuildFile; fileRef = 1824C8BA257EAC13008B7544 /* ValidPalintromeTests.swift */; };
		1824C8C0257EB8D1008B7544 /* FirstBadVersionTests.swift in Sources */ = {isa = PBXBuildFile; fileRef = 1824C8BF257EB8D1008B7544 /* FirstBadVersionTests.swift */; };
		1824C8C9257F57C9008B7544 /* ClibmingStairsTests.swift in Sources */ = {isa = PBXBuildFile; fileRef = 1824C8C8257F57C9008B7544 /* ClibmingStairsTests.swift */; };
		1824C8CE257F85C6008B7544 /* ReverseLinkedListTests.swift in Sources */ = {isa = PBXBuildFile; fileRef = 1824C8CD257F85C6008B7544 /* ReverseLinkedListTests.swift */; };
		1824C8D4257F940E008B7544 /* LICENSE in Resources */ = {isa = PBXBuildFile; fileRef = 1824C8D2257F940E008B7544 /* LICENSE */; };
		1824C8D5257F940E008B7544 /* README.md in Resources */ = {isa = PBXBuildFile; fileRef = 1824C8D3257F940E008B7544 /* README.md */; };
		188494F6257E9760004B25D3 /* TwoSumTests.swift in Sources */ = {isa = PBXBuildFile; fileRef = 188494F5257E9760004B25D3 /* TwoSumTests.swift */; };
/* End PBXBuildFile section */

/* Begin PBXFileReference section */
		1824C8BA257EAC13008B7544 /* ValidPalintromeTests.swift */ = {isa = PBXFileReference; lastKnownFileType = sourcecode.swift; path = ValidPalintromeTests.swift; sourceTree = "<group>"; };
		1824C8BF257EB8D1008B7544 /* FirstBadVersionTests.swift */ = {isa = PBXFileReference; lastKnownFileType = sourcecode.swift; path = FirstBadVersionTests.swift; sourceTree = "<group>"; };
		1824C8C8257F57C9008B7544 /* ClibmingStairsTests.swift */ = {isa = PBXFileReference; lastKnownFileType = sourcecode.swift; path = ClibmingStairsTests.swift; sourceTree = "<group>"; };
		1824C8CD257F85C6008B7544 /* ReverseLinkedListTests.swift */ = {isa = PBXFileReference; lastKnownFileType = sourcecode.swift; path = ReverseLinkedListTests.swift; sourceTree = "<group>"; };
		1824C8D2257F940E008B7544 /* LICENSE */ = {isa = PBXFileReference; fileEncoding = 4; lastKnownFileType = text; path = LICENSE; sourceTree = "<group>"; };
		1824C8D3257F940E008B7544 /* README.md */ = {isa = PBXFileReference; fileEncoding = 4; lastKnownFileType = net.daringfireball.markdown; path = README.md; sourceTree = "<group>"; };
		188494E6257E9645004B25D3 /* TopInterviewQuestionsTests.xctest */ = {isa = PBXFileReference; explicitFileType = wrapper.cfbundle; includeInIndex = 0; path = TopInterviewQuestionsTests.xctest; sourceTree = BUILT_PRODUCTS_DIR; };
		188494EA257E9645004B25D3 /* Info.plist */ = {isa = PBXFileReference; lastKnownFileType = text.plist.xml; path = Info.plist; sourceTree = "<group>"; };
		188494F5257E9760004B25D3 /* TwoSumTests.swift */ = {isa = PBXFileReference; lastKnownFileType = sourcecode.swift; path = TwoSumTests.swift; sourceTree = "<group>"; };
/* End PBXFileReference section */

/* Begin PBXFrameworksBuildPhase section */
		188494E3257E9645004B25D3 /* Frameworks */ = {
			isa = PBXFrameworksBuildPhase;
			buildActionMask = 2147483647;
			files = (
			);
			runOnlyForDeploymentPostprocessing = 0;
		};
/* End PBXFrameworksBuildPhase section */

/* Begin PBXGroup section */
		188494CE257E95C4004B25D3 = {
			isa = PBXGroup;
			children = (
				1824C8D2257F940E008B7544 /* LICENSE */,
				1824C8D3257F940E008B7544 /* README.md */,
				188494E7257E9645004B25D3 /* TopInterviewQuestionsTests */,
				188494D8257E95C4004B25D3 /* Products */,
			);
			sourceTree = "<group>";
		};
		188494D8257E95C4004B25D3 /* Products */ = {
			isa = PBXGroup;
			children = (
				188494E6257E9645004B25D3 /* TopInterviewQuestionsTests.xctest */,
			);
			name = Products;
			sourceTree = "<group>";
		};
		188494E7257E9645004B25D3 /* TopInterviewQuestionsTests */ = {
			isa = PBXGroup;
			children = (
				188494F4257E970B004B25D3 /* Easy */,
				188494EA257E9645004B25D3 /* Info.plist */,
			);
			path = TopInterviewQuestionsTests;
			sourceTree = "<group>";
		};
		188494F4257E970B004B25D3 /* Easy */ = {
			isa = PBXGroup;
			children = (
				188494F5257E9760004B25D3 /* TwoSumTests.swift */,
				1824C8BA257EAC13008B7544 /* ValidPalintromeTests.swift */,
				1824C8BF257EB8D1008B7544 /* FirstBadVersionTests.swift */,
				1824C8C8257F57C9008B7544 /* ClibmingStairsTests.swift */,
				1824C8CD257F85C6008B7544 /* ReverseLinkedListTests.swift */,
			);
			path = Easy;
			sourceTree = "<group>";
		};
/* End PBXGroup section */

/* Begin PBXNativeTarget section */
		188494E5257E9645004B25D3 /* TopInterviewQuestionsTests */ = {
			isa = PBXNativeTarget;
			buildConfigurationList = 188494EB257E9645004B25D3 /* Build configuration list for PBXNativeTarget "TopInterviewQuestionsTests" */;
			buildPhases = (
				188494E2257E9645004B25D3 /* Sources */,
				188494E3257E9645004B25D3 /* Frameworks */,
				188494E4257E9645004B25D3 /* Resources */,
			);
			buildRules = (
			);
			dependencies = (
			);
			name = TopInterviewQuestionsTests;
			productName = TopInterviewQuestionsTests;
			productReference = 188494E6257E9645004B25D3 /* TopInterviewQuestionsTests.xctest */;
			productType = "com.apple.product-type.bundle.unit-test";
		};
/* End PBXNativeTarget section */

/* Begin PBXProject section */
		188494CF257E95C4004B25D3 /* Project object */ = {
			isa = PBXProject;
			attributes = {
				LastSwiftUpdateCheck = 1210;
				LastUpgradeCheck = 1210;
				TargetAttributes = {
					188494E5257E9645004B25D3 = {
						CreatedOnToolsVersion = 12.1;
						LastSwiftMigration = 1210;
					};
				};
			};
			buildConfigurationList = 188494D2257E95C4004B25D3 /* Build configuration list for PBXProject "TopInterviewQuestions" */;
			compatibilityVersion = "Xcode 9.3";
			developmentRegion = en;
			hasScannedForEncodings = 0;
			knownRegions = (
				en,
				Base,
			);
			mainGroup = 188494CE257E95C4004B25D3;
			productRefGroup = 188494D8257E95C4004B25D3 /* Products */;
			projectDirPath = "";
			projectRoot = "";
			targets = (
				188494E5257E9645004B25D3 /* TopInterviewQuestionsTests */,
			);
		};
/* End PBXProject section */

/* Begin PBXResourcesBuildPhase section */
		188494E4257E9645004B25D3 /* Resources */ = {
			isa = PBXResourcesBuildPhase;
			buildActionMask = 2147483647;
			files = (
				1824C8D5257F940E008B7544 /* README.md in Resources */,
				1824C8D4257F940E008B7544 /* LICENSE in Resources */,
			);
			runOnlyForDeploymentPostprocessing = 0;
		};
/* End PBXResourcesBuildPhase section */

/* Begin PBXSourcesBuildPhase section */
		188494E2257E9645004B25D3 /* Sources */ = {
			isa = PBXSourcesBuildPhase;
			buildActionMask = 2147483647;
			files = (
				1824C8CE257F85C6008B7544 /* ReverseLinkedListTests.swift in Sources */,
				188494F6257E9760004B25D3 /* TwoSumTests.swift in Sources */,
				1824C8BB257EAC13008B7544 /* ValidPalintromeTests.swift in Sources */,
				1824C8C9257F57C9008B7544 /* ClibmingStairsTests.swift in Sources */,
				1824C8C0257EB8D1008B7544 /* FirstBadVersionTests.swift in Sources */,
			);
			runOnlyForDeploymentPostprocessing = 0;
		};
/* End PBXSourcesBuildPhase section */

/* Begin XCBuildConfiguration section */
		188494DC257E95C4004B25D3 /* Debug */ = {
			isa = XCBuildConfiguration;
			buildSettings = {
				ALWAYS_SEARCH_USER_PATHS = NO;
				CLANG_ANALYZER_NONNULL = YES;
				CLANG_ANALYZER_NUMBER_OBJECT_CONVERSION = YES_AGGRESSIVE;
				CLANG_CXX_LANGUAGE_STANDARD = "gnu++14";
				CLANG_CXX_LIBRARY = "libc++";
				CLANG_ENABLE_MODULES = YES;
				CLANG_ENABLE_OBJC_ARC = YES;
				CLANG_ENABLE_OBJC_WEAK = YES;
				CLANG_WARN_BLOCK_CAPTURE_AUTORELEASING = YES;
				CLANG_WARN_BOOL_CONVERSION = YES;
				CLANG_WARN_COMMA = YES;
				CLANG_WARN_CONSTANT_CONVERSION = YES;
				CLANG_WARN_DEPRECATED_OBJC_IMPLEMENTATIONS = YES;
				CLANG_WARN_DIRECT_OBJC_ISA_USAGE = YES_ERROR;
				CLANG_WARN_DOCUMENTATION_COMMENTS = YES;
				CLANG_WARN_EMPTY_BODY = YES;
				CLANG_WARN_ENUM_CONVERSION = YES;
				CLANG_WARN_INFINITE_RECURSION = YES;
				CLANG_WARN_INT_CONVERSION = YES;
				CLANG_WARN_NON_LITERAL_NULL_CONVERSION = YES;
				CLANG_WARN_OBJC_IMPLICIT_RETAIN_SELF = YES;
				CLANG_WARN_OBJC_LITERAL_CONVERSION = YES;
				CLANG_WARN_OBJC_ROOT_CLASS = YES_ERROR;
				CLANG_WARN_QUOTED_INCLUDE_IN_FRAMEWORK_HEADER = YES;
				CLANG_WARN_RANGE_LOOP_ANALYSIS = YES;
				CLANG_WARN_STRICT_PROTOTYPES = YES;
				CLANG_WARN_SUSPICIOUS_MOVE = YES;
				CLANG_WARN_UNGUARDED_AVAILABILITY = YES_AGGRESSIVE;
				CLANG_WARN_UNREACHABLE_CODE = YES;
				CLANG_WARN__DUPLICATE_METHOD_MATCH = YES;
				COPY_PHASE_STRIP = NO;
				DEBUG_INFORMATION_FORMAT = dwarf;
				ENABLE_STRICT_OBJC_MSGSEND = YES;
				ENABLE_TESTABILITY = YES;
				GCC_C_LANGUAGE_STANDARD = gnu11;
				GCC_DYNAMIC_NO_PIC = NO;
				GCC_NO_COMMON_BLOCKS = YES;
				GCC_OPTIMIZATION_LEVEL = 0;
				GCC_PREPROCESSOR_DEFINITIONS = (
					"DEBUG=1",
					"$(inherited)",
				);
				GCC_WARN_64_TO_32_BIT_CONVERSION = YES;
				GCC_WARN_ABOUT_RETURN_TYPE = YES_ERROR;
				GCC_WARN_UNDECLARED_SELECTOR = YES;
				GCC_WARN_UNINITIALIZED_AUTOS = YES_AGGRESSIVE;
				GCC_WARN_UNUSED_FUNCTION = YES;
				GCC_WARN_UNUSED_VARIABLE = YES;
				MACOSX_DEPLOYMENT_TARGET = 10.15;
				MTL_ENABLE_DEBUG_INFO = INCLUDE_SOURCE;
				MTL_FAST_MATH = YES;
				ONLY_ACTIVE_ARCH = YES;
				SDKROOT = macosx;
				SWIFT_ACTIVE_COMPILATION_CONDITIONS = DEBUG;
				SWIFT_OPTIMIZATION_LEVEL = "-Onone";
			};
			name = Debug;
		};
		188494DD257E95C4004B25D3 /* Release */ = {
			isa = XCBuildConfiguration;
			buildSettings = {
				ALWAYS_SEARCH_USER_PATHS = NO;
				CLANG_ANALYZER_NONNULL = YES;
				CLANG_ANALYZER_NUMBER_OBJECT_CONVERSION = YES_AGGRESSIVE;
				CLANG_CXX_LANGUAGE_STANDARD = "gnu++14";
				CLANG_CXX_LIBRARY = "libc++";
				CLANG_ENABLE_MODULES = YES;
				CLANG_ENABLE_OBJC_ARC = YES;
				CLANG_ENABLE_OBJC_WEAK = YES;
				CLANG_WARN_BLOCK_CAPTURE_AUTORELEASING = YES;
				CLANG_WARN_BOOL_CONVERSION = YES;
				CLANG_WARN_COMMA = YES;
				CLANG_WARN_CONSTANT_CONVERSION = YES;
				CLANG_WARN_DEPRECATED_OBJC_IMPLEMENTATIONS = YES;
				CLANG_WARN_DIRECT_OBJC_ISA_USAGE = YES_ERROR;
				CLANG_WARN_DOCUMENTATION_COMMENTS = YES;
				CLANG_WARN_EMPTY_BODY = YES;
				CLANG_WARN_ENUM_CONVERSION = YES;
				CLANG_WARN_INFINITE_RECURSION = YES;
				CLANG_WARN_INT_CONVERSION = YES;
				CLANG_WARN_NON_LITERAL_NULL_CONVERSION = YES;
				CLANG_WARN_OBJC_IMPLICIT_RETAIN_SELF = YES;
				CLANG_WARN_OBJC_LITERAL_CONVERSION = YES;
				CLANG_WARN_OBJC_ROOT_CLASS = YES_ERROR;
				CLANG_WARN_QUOTED_INCLUDE_IN_FRAMEWORK_HEADER = YES;
				CLANG_WARN_RANGE_LOOP_ANALYSIS = YES;
				CLANG_WARN_STRICT_PROTOTYPES = YES;
				CLANG_WARN_SUSPICIOUS_MOVE = YES;
				CLANG_WARN_UNGUARDED_AVAILABILITY = YES_AGGRESSIVE;
				CLANG_WARN_UNREACHABLE_CODE = YES;
				CLANG_WARN__DUPLICATE_METHOD_MATCH = YES;
				COPY_PHASE_STRIP = NO;
				DEBUG_INFORMATION_FORMAT = "dwarf-with-dsym";
				ENABLE_NS_ASSERTIONS = NO;
				ENABLE_STRICT_OBJC_MSGSEND = YES;
				GCC_C_LANGUAGE_STANDARD = gnu11;
				GCC_NO_COMMON_BLOCKS = YES;
				GCC_WARN_64_TO_32_BIT_CONVERSION = YES;
				GCC_WARN_ABOUT_RETURN_TYPE = YES_ERROR;
				GCC_WARN_UNDECLARED_SELECTOR = YES;
				GCC_WARN_UNINITIALIZED_AUTOS = YES_AGGRESSIVE;
				GCC_WARN_UNUSED_FUNCTION = YES;
				GCC_WARN_UNUSED_VARIABLE = YES;
				MACOSX_DEPLOYMENT_TARGET = 10.15;
				MTL_ENABLE_DEBUG_INFO = NO;
				MTL_FAST_MATH = YES;
				SDKROOT = macosx;
				SWIFT_COMPILATION_MODE = wholemodule;
				SWIFT_OPTIMIZATION_LEVEL = "-O";
			};
			name = Release;
		};
		188494EC257E9645004B25D3 /* Debug */ = {
			isa = XCBuildConfiguration;
			buildSettings = {
				CLANG_ENABLE_MODULES = YES;
				CODE_SIGN_STYLE = Automatic;
				COMBINE_HIDPI_IMAGES = YES;
				INFOPLIST_FILE = TopInterviewQuestionsTests/Info.plist;
				LD_RUNPATH_SEARCH_PATHS = (
					"$(inherited)",
					"@executable_path/../Frameworks",
					"@loader_path/../Frameworks",
				);
				PRODUCT_BUNDLE_IDENTIFIER = "com.surakamy.top-interview-questions.TopInterviewQuestionsTests";
				PRODUCT_NAME = "$(TARGET_NAME)";
				SWIFT_OPTIMIZATION_LEVEL = "-Onone";
				SWIFT_VERSION = 5.0;
			};
			name = Debug;
		};
		188494ED257E9645004B25D3 /* Release */ = {
			isa = XCBuildConfiguration;
			buildSettings = {
				CLANG_ENABLE_MODULES = YES;
				CODE_SIGN_STYLE = Automatic;
				COMBINE_HIDPI_IMAGES = YES;
				INFOPLIST_FILE = TopInterviewQuestionsTests/Info.plist;
				LD_RUNPATH_SEARCH_PATHS = (
					"$(inherited)",
					"@executable_path/../Frameworks",
					"@loader_path/../Frameworks",
				);
				PRODUCT_BUNDLE_IDENTIFIER = "com.surakamy.top-interview-questions.TopInterviewQuestionsTests";
				PRODUCT_NAME = "$(TARGET_NAME)";
				SWIFT_VERSION = 5.0;
			};
			name = Release;
		};
/* End XCBuildConfiguration section */

/* Begin XCConfigurationList section */
		188494D2257E95C4004B25D3 /* Build configuration list for PBXProject "TopInterviewQuestions" */ = {
			isa = XCConfigurationList;
			buildConfigurations = (
				188494DC257E95C4004B25D3 /* Debug */,
				188494DD257E95C4004B25D3 /* Release */,
			);
			defaultConfigurationIsVisible = 0;
			defaultConfigurationName = Release;
		};
		188494EB257E9645004B25D3 /* Build configuration list for PBXNativeTarget "TopInterviewQuestionsTests" */ = {
			isa = XCConfigurationList;
			buildConfigurations = (
				188494EC257E9645004B25D3 /* Debug */,
				188494ED257E9645004B25D3 /* Release */,
			);
			defaultConfigurationIsVisible = 0;
			defaultConfigurationName = Release;
		};
/* End XCConfigurationList section */
	};
	rootObject = 188494CF257E95C4004B25D3 /* Project object */;
}
